
Microsoft Visual Studio Solution File, Format Version 12.00
# Visual Studio Version 17
VisualStudioVersion = 17.6.33723.286
MinimumVisualStudioVersion = 10.0.40219.1
Project("{9A19103F-16F7-4668-BE54-9A1E7A4F7556}") = "Programacion-ColaPilaArray", "ConsoleApp1\Programacion-ColaPilaArray.csproj", "{0D80F8EF-EBBC-4B9E-9691-62DD29042D0E}"
EndProject
Global
	GlobalSection(SolutionConfigurationPlatforms) = preSolution
		Debug|Any CPU = Debug|Any CPU
		Release|Any CPU = Release|Any CPU
	EndGlobalSection
	GlobalSection(ProjectConfigurationPlatforms) = postSolution
		{0D80F8EF-EBBC-4B9E-9691-62DD29042D0E}.Debug|Any CPU.ActiveCfg = Debug|Any CPU
		{0D80F8EF-EBBC-4B9E-9691-62DD29042D0E}.Debug|Any CPU.Build.0 = Debug|Any CPU
		{0D80F8EF-EBBC-4B9E-9691-62DD29042D0E}.Release|Any CPU.ActiveCfg = Release|Any CPU
		{0D80F8EF-EBBC-4B9E-9691-62DD29042D0E}.Release|Any CPU.Build.0 = Release|Any CPU
	EndGlobalSection
	GlobalSection(SolutionProperties) = preSolution
		HideSolutionNode = FALSE
	EndGlobalSection
	GlobalSection(ExtensibilityGlobals) = postSolution
		SolutionGuid = {727D4D0A-DCD8-451B-B521-6E47C78F5072}
	EndGlobalSection
EndGlobal
